
Microsoft Visual Studio Solution File, Format Version 12.00
# Visual Studio 14
VisualStudioVersion = 14.0.25420.1
MinimumVisualStudioVersion = 10.0.40219.1
Project("{FAE04EC0-301F-11D3-BF4B-00C04F79EFBC}") = "RM.Irm.Veiculo.Data", "IRM.Trt.Veiculo.Data\RM.Irm.Veiculo.Data.csproj", "{23017C07-B8E8-49F1-812B-EFE9C451AEFC}"
EndProject
Project("{FAE04EC0-301F-11D3-BF4B-00C04F79EFBC}") = "RM.Irm.Veiculo.Inf", "IRM.Trt.Veiculo.Inf\RM.Irm.Veiculo.Inf.csproj", "{57F4739E-BCA9-47E6-B79C-9B0B68CCD146}"
EndProject
Project("{FAE04EC0-301F-11D3-BF4B-00C04F79EFBC}") = "RM.Irm.IrmControllerWebAPI", "IRM.Trt.IrmControllerWebAPI\RM.Irm.IrmControllerWebAPI.csproj", "{F37BD49B-D07F-489B-8525-59A36A700D01}"
EndProject
Global
	GlobalSection(SolutionConfigurationPlatforms) = preSolution
		Debug|Any CPU = Debug|Any CPU
		Release|Any CPU = Release|Any CPU
	EndGlobalSection
	GlobalSection(ProjectConfigurationPlatforms) = postSolution
		{23017C07-B8E8-49F1-812B-EFE9C451AEFC}.Debug|Any CPU.ActiveCfg = Debug|Any CPU
		{23017C07-B8E8-49F1-812B-EFE9C451AEFC}.Debug|Any CPU.Build.0 = Debug|Any CPU
		{23017C07-B8E8-49F1-812B-EFE9C451AEFC}.Release|Any CPU.ActiveCfg = Release|Any CPU
		{23017C07-B8E8-49F1-812B-EFE9C451AEFC}.Release|Any CPU.Build.0 = Release|Any CPU
		{57F4739E-BCA9-47E6-B79C-9B0B68CCD146}.Debug|Any CPU.ActiveCfg = Debug|Any CPU
		{57F4739E-BCA9-47E6-B79C-9B0B68CCD146}.Debug|Any CPU.Build.0 = Debug|Any CPU
		{57F4739E-BCA9-47E6-B79C-9B0B68CCD146}.Release|Any CPU.ActiveCfg = Release|Any CPU
		{57F4739E-BCA9-47E6-B79C-9B0B68CCD146}.Release|Any CPU.Build.0 = Release|Any CPU
		{F37BD49B-D07F-489B-8525-59A36A700D01}.Debug|Any CPU.ActiveCfg = Debug|Any CPU
		{F37BD49B-D07F-489B-8525-59A36A700D01}.Debug|Any CPU.Build.0 = Debug|Any CPU
		{F37BD49B-D07F-489B-8525-59A36A700D01}.Release|Any CPU.ActiveCfg = Release|Any CPU
		{F37BD49B-D07F-489B-8525-59A36A700D01}.Release|Any CPU.Build.0 = Release|Any CPU
	EndGlobalSection
	GlobalSection(SolutionProperties) = preSolution
		HideSolutionNode = FALSE
	EndGlobalSection
EndGlobal
